schema: '2.0'
stages:
  data_ingestion:
    cmd: python src/data/data_ingestion.py
    deps:
    - path: src/data/data_ingestion.py
      hash: md5
      md5: 02a7c2de1fe0be6ed92970ce971530e6
      size: 3763
    params:
      params.yaml:
        data_ingestion.test_size: 0.2
    outs:
    - path: data/raw
      hash: md5
      md5: fb326d2eec197669f9638afde28356bf.dir
      size: 827973
      nfiles: 2
  data_preprocessing:
    cmd: python src/data/data_preprocessing.py
    deps:
    - path: data/raw
      hash: md5
      md5: fb326d2eec197669f9638afde28356bf.dir
      size: 827973
      nfiles: 2
    - path: src/data/data_preprocessing.py
      hash: md5
      md5: 79552c20ee7ba2a707bb6d82ceac2f21
      size: 5318
    outs:
    - path: data/processed
      hash: md5
      md5: e38399fb0ea14943236f77b352df5875.dir
      size: 572486
      nfiles: 2
  feature_engineering:
    cmd: python src/features/feature_engineering.py
    deps:
    - path: data/processed
      hash: md5
      md5: e38399fb0ea14943236f77b352df5875.dir
      size: 572486
      nfiles: 2
    - path: src/features/feature_engineering.py
      hash: md5
      md5: 27e5859a442af121386aa6a4f6d3e6ac
      size: 4919
    params:
      params.yaml:
        feature_engineering.max_features: 100
    outs:
    - path: data/interim
      hash: md5
      md5: fa619e48bb1915b77914a8dad4b3fdb4.dir
      size: 4536641
      nfiles: 2
  model_building:
    cmd: python src/models/model_building.py
    deps:
    - path: data/interim
      hash: md5
      md5: fa619e48bb1915b77914a8dad4b3fdb4.dir
      size: 4536641
      nfiles: 2
    - path: src/models/model_building.py
      hash: md5
      md5: 879db38220226a9cf6b23a400f29bc70
      size: 3856
    params:
      params.yaml:
        model_building.learning_rate: 0.2
        model_building.n_estimators: 500
    outs:
    - path: models/model.pkl
      hash: md5
      md5: d0ab2e941c6b5b72818b504a4bf4a589
      size: 546750
  model_evaluation:
    cmd: python src/models/model_evaluation.py
    deps:
    - path: models/model.pkl
      hash: md5
      md5: d0ab2e941c6b5b72818b504a4bf4a589
      size: 546750
    - path: src/models/model_evaluation.py
      hash: md5
      md5: 7ef51799f950aa5c4478a87a758e382c
      size: 3740
    outs:
    - path: reports/metrics.json
      hash: md5
      md5: bc80f02f8e1861c5d884484a53ec588a
      size: 145
