schema: '2.0'
stages:
  data_ingestion:
    cmd: python src/data/data_ingestion.py
    deps:
    - path: src/data/data_ingestion.py
      hash: md5
      md5: 02a7c2de1fe0be6ed92970ce971530e6
      size: 3763
    params:
      params.yaml:
        data_ingestion.test_size: 0.2
    outs:
    - path: data/raw
      hash: md5
      md5: fb326d2eec197669f9638afde28356bf.dir
      size: 827973
      nfiles: 2
  data_preprocessing:
    cmd: python src/data/data_preprocessing.py
    deps:
    - path: data/raw
      hash: md5
      md5: fb326d2eec197669f9638afde28356bf.dir
      size: 827973
      nfiles: 2
    - path: src/data/data_preprocessing.py
      hash: md5
      md5: 79552c20ee7ba2a707bb6d82ceac2f21
      size: 5318
    outs:
    - path: data/processed
      hash: md5
      md5: e38399fb0ea14943236f77b352df5875.dir
      size: 572486
      nfiles: 2
  feature_engineering:
    cmd: python src/features/feature_engineering.py
    deps:
    - path: data/processed
      hash: md5
      md5: e38399fb0ea14943236f77b352df5875.dir
      size: 572486
      nfiles: 2
    - path: src/features/feature_engineering.py
      hash: md5
      md5: 06844fd7caa764fb4b7688adc55bd41f
      size: 4915
    params:
      params.yaml:
        feature_engineering.max_features: 100
    outs:
    - path: data/interim
      hash: md5
      md5: 52a4fe9685a2a3291834e32b70ce5376.dir
      size: 2106110
      nfiles: 2
  model_building:
    cmd: python src/models/model_building.py
    deps:
    - path: data/interim
      hash: md5
      md5: 52a4fe9685a2a3291834e32b70ce5376.dir
      size: 2106110
      nfiles: 2
    - path: src/models/model_building.py
      hash: md5
      md5: f17c6cd9c524141a0699a3441e01f95a
      size: 3854
    params:
      params.yaml:
        model_building.learning_rate: 0.2
        model_building.n_estimators: 500
    outs:
    - path: models/model.pkl
      hash: md5
      md5: 8e59b659d0e0a893b5859a08e21f7474
      size: 555326
  model_evaluation:
    cmd: python src/models/model_evaluation.py
    deps:
    - path: models/model.pkl
      hash: md5
      md5: 8e59b659d0e0a893b5859a08e21f7474
      size: 555326
    - path: src/models/model_evaluation.py
      hash: md5
      md5: 6e6be23db345d23d6daa56f7128fdb0a
      size: 3738
    outs:
    - path: reports/metrics.json
      hash: md5
      md5: cb39baf2dc58e422837687fa6cebc7d4
      size: 143
