schema: '2.0'
stages:
  data_ingestion:
    cmd: python src/data/data_ingestion.py
    deps:
    - path: src/data/data_ingestion.py
      hash: md5
      md5: 02a7c2de1fe0be6ed92970ce971530e6
      size: 3763
    params:
      params.yaml:
        data_ingestion.test_size: 0.2
    outs:
    - path: data/raw
      hash: md5
      md5: fb326d2eec197669f9638afde28356bf.dir
      size: 827973
      nfiles: 2
  data_preprocessing:
    cmd: python src/data/data_preprocessing.py
    deps:
    - path: data/raw
      hash: md5
      md5: fb326d2eec197669f9638afde28356bf.dir
      size: 827973
      nfiles: 2
    - path: src/data/data_preprocessing.py
      hash: md5
      md5: 79552c20ee7ba2a707bb6d82ceac2f21
      size: 5318
    outs:
    - path: data/processed
      hash: md5
      md5: e38399fb0ea14943236f77b352df5875.dir
      size: 572486
      nfiles: 2
  feature_engineering:
    cmd: python src/features/feature_engineering.py
    deps:
    - path: data/processed
      hash: md5
      md5: e38399fb0ea14943236f77b352df5875.dir
      size: 572486
      nfiles: 2
    - path: src/features/feature_engineering.py
      hash: md5
      md5: e4ba3404a5f111ff8d53af3091c2301f
      size: 4915
    params:
      params.yaml:
        feature_engineering.max_features: 500
    outs:
    - path: data/interim
      hash: md5
      md5: 03b25195075b2574f5ead8884efc9286.dir
      size: 21494865
      nfiles: 2
  model_building:
    cmd: python src/models/model_building.py
    deps:
    - path: data/interim
      hash: md5
      md5: 03b25195075b2574f5ead8884efc9286.dir
      size: 21494865
      nfiles: 2
    - path: src/models/model_building.py
      hash: md5
      md5: 0c3ade1cdc8002a339c8772cb7d26264
      size: 4081
    params:
      params.yaml:
        model_building.learning_rate: 0.1
        model_building.n_estimators: 100
    outs:
    - path: models/model.pkl
      hash: md5
      md5: 486c8e2b4ac222344c89ecc067ce7653
      size: 118152
  model_evaluation:
    cmd: python src/models/model_evaluation.py
    deps:
    - path: models/model.pkl
      hash: md5
      md5: 486c8e2b4ac222344c89ecc067ce7653
      size: 118152
    - path: src/models/model_evaluation.py
      hash: md5
      md5: 98020c4f24d4b1f346dd6b635bc4ed46
      size: 4137
    outs:
    - path: reports/metrics.json
      hash: md5
      md5: 2596affbb926eb8e817f32ef8304f3fa
      size: 145
